// !$*UTF8*$!
{
	archiveVersion = 1;
	classes = {
	};
	objectVersion = 55;
	objects = {

/* Begin PBXBuildFile section */
		B9246FA262F7D5DD1F4840F1 /* Pods_firstapp__macOS_.framework in Frameworks */ = {isa = PBXBuildFile; fileRef = 0C78E0805EDF27461E06C4DB /* Pods_firstapp__macOS_.framework */; };
		D9DB1428DB35532CDB7BE98E /* Pods_firstapp__iOS_.framework in Frameworks */ = {isa = PBXBuildFile; fileRef = 14AF738A78612A80AD078471 /* Pods_firstapp__iOS_.framework */; };
		FB0616FC2741B6F000B72170 /* firstappApp.swift in Sources */ = {isa = PBXBuildFile; fileRef = FB0616EC2741B6EF00B72170 /* firstappApp.swift */; };
		FB0616FD2741B6F000B72170 /* firstappApp.swift in Sources */ = {isa = PBXBuildFile; fileRef = FB0616EC2741B6EF00B72170 /* firstappApp.swift */; };
		FB0616FE2741B6F000B72170 /* ContentView.swift in Sources */ = {isa = PBXBuildFile; fileRef = FB0616ED2741B6EF00B72170 /* ContentView.swift */; };
		FB0616FF2741B6F000B72170 /* ContentView.swift in Sources */ = {isa = PBXBuildFile; fileRef = FB0616ED2741B6EF00B72170 /* ContentView.swift */; };
		FB0617002741B6F000B72170 /* Assets.xcassets in Resources */ = {isa = PBXBuildFile; fileRef = FB0616EE2741B6F000B72170 /* Assets.xcassets */; };
		FB0617012741B6F000B72170 /* Assets.xcassets in Resources */ = {isa = PBXBuildFile; fileRef = FB0616EE2741B6F000B72170 /* Assets.xcassets */; };
		FB455B202763D63700AF3501 /* PickerFile.swift in Sources */ = {isa = PBXBuildFile; fileRef = FB455B1F2763D63700AF3501 /* PickerFile.swift */; };
		FB4DBDD22761EF69003B7BE9 /* ProductCard.swift in Sources */ = {isa = PBXBuildFile; fileRef = FB4DBDD12761EF69003B7BE9 /* ProductCard.swift */; };
		FB4DBDD32761EF69003B7BE9 /* ProductCard.swift in Sources */ = {isa = PBXBuildFile; fileRef = FB4DBDD12761EF69003B7BE9 /* ProductCard.swift */; };
		FB4DBDD82761F40E003B7BE9 /* CardModifier.swift in Sources */ = {isa = PBXBuildFile; fileRef = FB4DBDD72761F40E003B7BE9 /* CardModifier.swift */; };
		FB4DBDD92761F40E003B7BE9 /* CardModifier.swift in Sources */ = {isa = PBXBuildFile; fileRef = FB4DBDD72761F40E003B7BE9 /* CardModifier.swift */; };
		FB4DBDDB276205A0003B7BE9 /* RandomChoices.swift in Sources */ = {isa = PBXBuildFile; fileRef = FB4DBDDA276205A0003B7BE9 /* RandomChoices.swift */; };
		FB4DBDDC276205A0003B7BE9 /* RandomChoices.swift in Sources */ = {isa = PBXBuildFile; fileRef = FB4DBDDA276205A0003B7BE9 /* RandomChoices.swift */; };
		FB4DBDE2276208AA003B7BE9 /* RedButton.swift in Sources */ = {isa = PBXBuildFile; fileRef = FB4DBDE1276208AA003B7BE9 /* RedButton.swift */; };
		FB4DBDE3276208AA003B7BE9 /* RedButton.swift in Sources */ = {isa = PBXBuildFile; fileRef = FB4DBDE1276208AA003B7BE9 /* RedButton.swift */; };
		FB5F089C27627F700024E05F /* FilterOptions.swift in Sources */ = {isa = PBXBuildFile; fileRef = FB5F089B27627F700024E05F /* FilterOptions.swift */; };
		FB800491276C702600149948 /* FoodView.swift in Sources */ = {isa = PBXBuildFile; fileRef = FB800490276C702600149948 /* FoodView.swift */; };
		FB8F4BAC2769D6C0008EE3E6 /* NavigationPage.swift in Sources */ = {isa = PBXBuildFile; fileRef = FB8F4BAB2769D6C0008EE3E6 /* NavigationPage.swift */; };
		FB8F4BB02769D858008EE3E6 /* Launch Screen.storyboard in Resources */ = {isa = PBXBuildFile; fileRef = FB8F4BAF2769D858008EE3E6 /* Launch Screen.storyboard */; };
		FBC94661276C82F900231FC6 /* YelpAPI.swift in Sources */ = {isa = PBXBuildFile; fileRef = FBC94660276C82F900231FC6 /* YelpAPI.swift */; };
		FBDF5225276338AB00366214 /* GrayButton.swift in Sources */ = {isa = PBXBuildFile; fileRef = FBDF5224276338AB00366214 /* GrayButton.swift */; };
		FBDF522727633CB300366214 /* FilterText.swift in Sources */ = {isa = PBXBuildFile; fileRef = FBDF522627633CB300366214 /* FilterText.swift */; };
		FBDF52292763454600366214 /* StartUpPage.swift in Sources */ = {isa = PBXBuildFile; fileRef = FBDF52282763454600366214 /* StartUpPage.swift */; };
		FBFBDD402765D47F00F3C777 /* NeumorphismButton.swift in Sources */ = {isa = PBXBuildFile; fileRef = FBFBDD3F2765D47F00F3C777 /* NeumorphismButton.swift */; };
/* End PBXBuildFile section */

/* Begin PBXFileReference section */
		07D222998F63BDAFD655D443 /* Pods-firstapp (macOS).debug.xcconfig */ = {isa = PBXFileReference; includeInIndex = 1; lastKnownFileType = text.xcconfig; name = "Pods-firstapp (macOS).debug.xcconfig"; path = "Target Support Files/Pods-firstapp (macOS)/Pods-firstapp (macOS).debug.xcconfig"; sourceTree = "<group>"; };
		0C78E0805EDF27461E06C4DB /* Pods_firstapp__macOS_.framework */ = {isa = PBXFileReference; explicitFileType = wrapper.framework; includeInIndex = 0; path = Pods_firstapp__macOS_.framework; sourceTree = BUILT_PRODUCTS_DIR; };
		14AF738A78612A80AD078471 /* Pods_firstapp__iOS_.framework */ = {isa = PBXFileReference; explicitFileType = wrapper.framework; includeInIndex = 0; path = Pods_firstapp__iOS_.framework; sourceTree = BUILT_PRODUCTS_DIR; };
		350C08FDF3E516474B2A6961 /* Pods-firstapp (iOS).debug.xcconfig */ = {isa = PBXFileReference; includeInIndex = 1; lastKnownFileType = text.xcconfig; name = "Pods-firstapp (iOS).debug.xcconfig"; path = "Target Support Files/Pods-firstapp (iOS)/Pods-firstapp (iOS).debug.xcconfig"; sourceTree = "<group>"; };
		D66E7B46B11C465B17176841 /* Pods-firstapp (macOS).release.xcconfig */ = {isa = PBXFileReference; includeInIndex = 1; lastKnownFileType = text.xcconfig; name = "Pods-firstapp (macOS).release.xcconfig"; path = "Target Support Files/Pods-firstapp (macOS)/Pods-firstapp (macOS).release.xcconfig"; sourceTree = "<group>"; };
		FB0616EC2741B6EF00B72170 /* firstappApp.swift */ = {isa = PBXFileReference; lastKnownFileType = sourcecode.swift; path = firstappApp.swift; sourceTree = "<group>"; };
		FB0616ED2741B6EF00B72170 /* ContentView.swift */ = {isa = PBXFileReference; lastKnownFileType = sourcecode.swift; path = ContentView.swift; sourceTree = "<group>"; };
		FB0616EE2741B6F000B72170 /* Assets.xcassets */ = {isa = PBXFileReference; lastKnownFileType = folder.assetcatalog; path = Assets.xcassets; sourceTree = "<group>"; };
		FB0616F32741B6F000B72170 /* firstapp.app */ = {isa = PBXFileReference; explicitFileType = wrapper.application; includeInIndex = 0; path = firstapp.app; sourceTree = BUILT_PRODUCTS_DIR; };
		FB0616F92741B6F000B72170 /* firstapp.app */ = {isa = PBXFileReference; explicitFileType = wrapper.application; includeInIndex = 0; path = firstapp.app; sourceTree = BUILT_PRODUCTS_DIR; };
		FB0616FB2741B6F000B72170 /* macOS.entitlements */ = {isa = PBXFileReference; lastKnownFileType = text.plist.entitlements; path = macOS.entitlements; sourceTree = "<group>"; };
		FB455B1F2763D63700AF3501 /* PickerFile.swift */ = {isa = PBXFileReference; lastKnownFileType = sourcecode.swift; path = PickerFile.swift; sourceTree = "<group>"; };
		FB4DBDD12761EF69003B7BE9 /* ProductCard.swift */ = {isa = PBXFileReference; lastKnownFileType = sourcecode.swift; path = ProductCard.swift; sourceTree = "<group>"; };
		FB4DBDD72761F40E003B7BE9 /* CardModifier.swift */ = {isa = PBXFileReference; lastKnownFileType = sourcecode.swift; path = CardModifier.swift; sourceTree = "<group>"; };
		FB4DBDDA276205A0003B7BE9 /* RandomChoices.swift */ = {isa = PBXFileReference; lastKnownFileType = sourcecode.swift; path = RandomChoices.swift; sourceTree = "<group>"; };
		FB4DBDE1276208AA003B7BE9 /* RedButton.swift */ = {isa = PBXFileReference; lastKnownFileType = sourcecode.swift; path = RedButton.swift; sourceTree = "<group>"; };
		FB5F089B27627F700024E05F /* FilterOptions.swift */ = {isa = PBXFileReference; lastKnownFileType = sourcecode.swift; path = FilterOptions.swift; sourceTree = "<group>"; };
		FB800490276C702600149948 /* FoodView.swift */ = {isa = PBXFileReference; lastKnownFileType = sourcecode.swift; path = FoodView.swift; sourceTree = "<group>"; };
		FB8F4BAB2769D6C0008EE3E6 /* NavigationPage.swift */ = {isa = PBXFileReference; lastKnownFileType = sourcecode.swift; path = NavigationPage.swift; sourceTree = "<group>"; };
		FB8F4BAF2769D858008EE3E6 /* Launch Screen.storyboard */ = {isa = PBXFileReference; lastKnownFileType = file.storyboard; path = "Launch Screen.storyboard"; sourceTree = "<group>"; };
		FBC94660276C82F900231FC6 /* YelpAPI.swift */ = {isa = PBXFileReference; lastKnownFileType = sourcecode.swift; path = YelpAPI.swift; sourceTree = "<group>"; };
		FBDF5224276338AB00366214 /* GrayButton.swift */ = {isa = PBXFileReference; lastKnownFileType = sourcecode.swift; path = GrayButton.swift; sourceTree = "<group>"; };
		FBDF522627633CB300366214 /* FilterText.swift */ = {isa = PBXFileReference; lastKnownFileType = sourcecode.swift; path = FilterText.swift; sourceTree = "<group>"; };
		FBDF52282763454600366214 /* StartUpPage.swift */ = {isa = PBXFileReference; lastKnownFileType = sourcecode.swift; path = StartUpPage.swift; sourceTree = "<group>"; };
		FBFBDD3F2765D47F00F3C777 /* NeumorphismButton.swift */ = {isa = PBXFileReference; lastKnownFileType = sourcecode.swift; path = NeumorphismButton.swift; sourceTree = "<group>"; };
		FD2EC682A2C1286F4A2BA48B /* Pods-firstapp (iOS).release.xcconfig */ = {isa = PBXFileReference; includeInIndex = 1; lastKnownFileType = text.xcconfig; name = "Pods-firstapp (iOS).release.xcconfig"; path = "Target Support Files/Pods-firstapp (iOS)/Pods-firstapp (iOS).release.xcconfig"; sourceTree = "<group>"; };
/* End PBXFileReference section */

/* Begin PBXFrameworksBuildPhase section */
		FB0616F02741B6F000B72170 /* Frameworks */ = {
			isa = PBXFrameworksBuildPhase;
			buildActionMask = 2147483647;
			files = (
				D9DB1428DB35532CDB7BE98E /* Pods_firstapp__iOS_.framework in Frameworks */,
			);
			runOnlyForDeploymentPostprocessing = 0;
		};
		FB0616F62741B6F000B72170 /* Frameworks */ = {
			isa = PBXFrameworksBuildPhase;
			buildActionMask = 2147483647;
			files = (
				B9246FA262F7D5DD1F4840F1 /* Pods_firstapp__macOS_.framework in Frameworks */,
			);
			runOnlyForDeploymentPostprocessing = 0;
		};
/* End PBXFrameworksBuildPhase section */

/* Begin PBXGroup section */
		209FB0FCD8EA7CBB149878AB /* Frameworks */ = {
			isa = PBXGroup;
			children = (
				14AF738A78612A80AD078471 /* Pods_firstapp__iOS_.framework */,
				0C78E0805EDF27461E06C4DB /* Pods_firstapp__macOS_.framework */,
			);
			name = Frameworks;
			sourceTree = "<group>";
		};
		E6F92A47EB965A9A39397433 /* Pods */ = {
			isa = PBXGroup;
			children = (
				350C08FDF3E516474B2A6961 /* Pods-firstapp (iOS).debug.xcconfig */,
				FD2EC682A2C1286F4A2BA48B /* Pods-firstapp (iOS).release.xcconfig */,
				07D222998F63BDAFD655D443 /* Pods-firstapp (macOS).debug.xcconfig */,
				D66E7B46B11C465B17176841 /* Pods-firstapp (macOS).release.xcconfig */,
			);
			path = Pods;
			sourceTree = "<group>";
		};
		FB0616E62741B6EF00B72170 = {
			isa = PBXGroup;
			children = (
				FB0616EB2741B6EF00B72170 /* Shared */,
				FB0616FA2741B6F000B72170 /* macOS */,
				FB0616F42741B6F000B72170 /* Products */,
				E6F92A47EB965A9A39397433 /* Pods */,
				209FB0FCD8EA7CBB149878AB /* Frameworks */,
			);
			sourceTree = "<group>";
		};
		FB0616EB2741B6EF00B72170 /* Shared */ = {
			isa = PBXGroup;
			children = (
				FBC9465F276C82E600231FC6 /* YelpAPI */,
				FB80048F276C701900149948 /* FoodView */,
				FB8F4BAA2769D6AD008EE3E6 /* Navigation */,
				FBFBDD3E2765D47200F3C777 /* Neumorphism */,
				FB5F089427627D610024E05F /* FIlterPage */,
				FB4DBDDD276205C7003B7BE9 /* RandomChoices */,
				FB0616EC2741B6EF00B72170 /* firstappApp.swift */,
				FB0616ED2741B6EF00B72170 /* ContentView.swift */,
				FB0616EE2741B6F000B72170 /* Assets.xcassets */,
			);
			path = Shared;
			sourceTree = "<group>";
		};
		FB0616F42741B6F000B72170 /* Products */ = {
			isa = PBXGroup;
			children = (
				FB0616F32741B6F000B72170 /* firstapp.app */,
				FB0616F92741B6F000B72170 /* firstapp.app */,
			);
			name = Products;
			sourceTree = "<group>";
		};
		FB0616FA2741B6F000B72170 /* macOS */ = {
			isa = PBXGroup;
			children = (
				FB0616FB2741B6F000B72170 /* macOS.entitlements */,
			);
			path = macOS;
			sourceTree = "<group>";
		};
		FB4DBDDD276205C7003B7BE9 /* RandomChoices */ = {
			isa = PBXGroup;
			children = (
				FB4DBDD12761EF69003B7BE9 /* ProductCard.swift */,
				FB4DBDD72761F40E003B7BE9 /* CardModifier.swift */,
				FB4DBDDA276205A0003B7BE9 /* RandomChoices.swift */,
				FB4DBDE1276208AA003B7BE9 /* RedButton.swift */,
			);
			path = RandomChoices;
			sourceTree = "<group>";
		};
		FB5F089427627D610024E05F /* FIlterPage */ = {
			isa = PBXGroup;
			children = (
				FBDF5224276338AB00366214 /* GrayButton.swift */,
				FB5F089B27627F700024E05F /* FilterOptions.swift */,
				FB455B1F2763D63700AF3501 /* PickerFile.swift */,
				FBDF522627633CB300366214 /* FilterText.swift */,
			);
			path = FIlterPage;
			sourceTree = "<group>";
		};
		FB80048F276C701900149948 /* FoodView */ = {
			isa = PBXGroup;
			children = (
				FB800490276C702600149948 /* FoodView.swift */,
			);
			path = FoodView;
			sourceTree = "<group>";
		};
		FB8F4BAA2769D6AD008EE3E6 /* Navigation */ = {
			isa = PBXGroup;
			children = (
				FBDF52282763454600366214 /* StartUpPage.swift */,
				FB8F4BAB2769D6C0008EE3E6 /* NavigationPage.swift */,
				FB8F4BAF2769D858008EE3E6 /* Launch Screen.storyboard */,
			);
			path = Navigation;
			sourceTree = "<group>";
		};
		FBC9465F276C82E600231FC6 /* YelpAPI */ = {
			isa = PBXGroup;
			children = (
				FBC94660276C82F900231FC6 /* YelpAPI.swift */,
			);
			path = YelpAPI;
			sourceTree = "<group>";
		};
		FBFBDD3E2765D47200F3C777 /* Neumorphism */ = {
			isa = PBXGroup;
			children = (
				FBFBDD3F2765D47F00F3C777 /* NeumorphismButton.swift */,
			);
			path = Neumorphism;
			sourceTree = "<group>";
		};
/* End PBXGroup section */

/* Begin PBXNativeTarget section */
		FB0616F22741B6F000B72170 /* firstapp (iOS) */ = {
			isa = PBXNativeTarget;
			buildConfigurationList = FB0617042741B6F000B72170 /* Build configuration list for PBXNativeTarget "firstapp (iOS)" */;
			buildPhases = (
				401B14D2A2F786D7B8AA4069 /* [CP] Check Pods Manifest.lock */,
				FB0616EF2741B6F000B72170 /* Sources */,
				FB0616F02741B6F000B72170 /* Frameworks */,
				FB0616F12741B6F000B72170 /* Resources */,
			);
			buildRules = (
			);
			dependencies = (
			);
			name = "firstapp (iOS)";
			productName = "firstapp (iOS)";
			productReference = FB0616F32741B6F000B72170 /* firstapp.app */;
			productType = "com.apple.product-type.application";
		};
		FB0616F82741B6F000B72170 /* firstapp (macOS) */ = {
			isa = PBXNativeTarget;
			buildConfigurationList = FB0617072741B6F000B72170 /* Build configuration list for PBXNativeTarget "firstapp (macOS)" */;
			buildPhases = (
				10063A64FF4B74482D6D3A45 /* [CP] Check Pods Manifest.lock */,
				FB0616F52741B6F000B72170 /* Sources */,
				FB0616F62741B6F000B72170 /* Frameworks */,
				FB0616F72741B6F000B72170 /* Resources */,
			);
			buildRules = (
			);
			dependencies = (
			);
			name = "firstapp (macOS)";
			productName = "firstapp (macOS)";
			productReference = FB0616F92741B6F000B72170 /* firstapp.app */;
			productType = "com.apple.product-type.application";
		};
/* End PBXNativeTarget section */

/* Begin PBXProject section */
		FB0616E72741B6EF00B72170 /* Project object */ = {
			isa = PBXProject;
			attributes = {
				BuildIndependentTargetsInParallel = 1;
				LastSwiftUpdateCheck = 1310;
				LastUpgradeCheck = 1310;
				TargetAttributes = {
					FB0616F22741B6F000B72170 = {
						CreatedOnToolsVersion = 13.1;
					};
					FB0616F82741B6F000B72170 = {
						CreatedOnToolsVersion = 13.1;
					};
				};
			};
			buildConfigurationList = FB0616EA2741B6EF00B72170 /* Build configuration list for PBXProject "firstapp" */;
			compatibilityVersion = "Xcode 13.0";
			developmentRegion = en;
			hasScannedForEncodings = 0;
			knownRegions = (
				en,
				Base,
			);
			mainGroup = FB0616E62741B6EF00B72170;
			productRefGroup = FB0616F42741B6F000B72170 /* Products */;
			projectDirPath = "";
			projectRoot = "";
			targets = (
				FB0616F22741B6F000B72170 /* firstapp (iOS) */,
				FB0616F82741B6F000B72170 /* firstapp (macOS) */,
			);
		};
/* End PBXProject section */

/* Begin PBXResourcesBuildPhase section */
		FB0616F12741B6F000B72170 /* Resources */ = {
			isa = PBXResourcesBuildPhase;
			buildActionMask = 2147483647;
			files = (
				FB8F4BB02769D858008EE3E6 /* Launch Screen.storyboard in Resources */,
				FB0617002741B6F000B72170 /* Assets.xcassets in Resources */,
			);
			runOnlyForDeploymentPostprocessing = 0;
		};
		FB0616F72741B6F000B72170 /* Resources */ = {
			isa = PBXResourcesBuildPhase;
			buildActionMask = 2147483647;
			files = (
				FB0617012741B6F000B72170 /* Assets.xcassets in Resources */,
			);
			runOnlyForDeploymentPostprocessing = 0;
		};
/* End PBXResourcesBuildPhase section */

/* Begin PBXShellScriptBuildPhase section */
		10063A64FF4B74482D6D3A45 /* [CP] Check Pods Manifest.lock */ = {
			isa = PBXShellScriptBuildPhase;
			buildActionMask = 2147483647;
			files = (
			);
			inputFileListPaths = (
			);
			inputPaths = (
				"${PODS_PODFILE_DIR_PATH}/Podfile.lock",
				"${PODS_ROOT}/Manifest.lock",
			);
			name = "[CP] Check Pods Manifest.lock";
			outputFileListPaths = (
			);
			outputPaths = (
				"$(DERIVED_FILE_DIR)/Pods-firstapp (macOS)-checkManifestLockResult.txt",
			);
			runOnlyForDeploymentPostprocessing = 0;
			shellPath = /bin/sh;
			shellScript = "diff \"${PODS_PODFILE_DIR_PATH}/Podfile.lock\" \"${PODS_ROOT}/Manifest.lock\" > /dev/null\nif [ $? != 0 ] ; then\n    # print error to STDERR\n    echo \"error: The sandbox is not in sync with the Podfile.lock. Run 'pod install' or update your CocoaPods installation.\" >&2\n    exit 1\nfi\n# This output is used by Xcode 'outputs' to avoid re-running this script phase.\necho \"SUCCESS\" > \"${SCRIPT_OUTPUT_FILE_0}\"\n";
			showEnvVarsInLog = 0;
		};
		401B14D2A2F786D7B8AA4069 /* [CP] Check Pods Manifest.lock */ = {
			isa = PBXShellScriptBuildPhase;
			buildActionMask = 2147483647;
			files = (
			);
			inputFileListPaths = (
			);
			inputPaths = (
				"${PODS_PODFILE_DIR_PATH}/Podfile.lock",
				"${PODS_ROOT}/Manifest.lock",
			);
			name = "[CP] Check Pods Manifest.lock";
			outputFileListPaths = (
			);
			outputPaths = (
				"$(DERIVED_FILE_DIR)/Pods-firstapp (iOS)-checkManifestLockResult.txt",
			);
			runOnlyForDeploymentPostprocessing = 0;
			shellPath = /bin/sh;
			shellScript = "diff \"${PODS_PODFILE_DIR_PATH}/Podfile.lock\" \"${PODS_ROOT}/Manifest.lock\" > /dev/null\nif [ $? != 0 ] ; then\n    # print error to STDERR\n    echo \"error: The sandbox is not in sync with the Podfile.lock. Run 'pod install' or update your CocoaPods installation.\" >&2\n    exit 1\nfi\n# This output is used by Xcode 'outputs' to avoid re-running this script phase.\necho \"SUCCESS\" > \"${SCRIPT_OUTPUT_FILE_0}\"\n";
			showEnvVarsInLog = 0;
		};
/* End PBXShellScriptBuildPhase section */

/* Begin PBXSourcesBuildPhase section */
		FB0616EF2741B6F000B72170 /* Sources */ = {
			isa = PBXSourcesBuildPhase;
			buildActionMask = 2147483647;
			files = (
				FB5F089C27627F700024E05F /* FilterOptions.swift in Sources */,
				FBDF52292763454600366214 /* StartUpPage.swift in Sources */,
				FB800491276C702600149948 /* FoodView.swift in Sources */,
				FB4DBDE2276208AA003B7BE9 /* RedButton.swift in Sources */,
				FB4DBDDB276205A0003B7BE9 /* RandomChoices.swift in Sources */,
				FB8F4BAC2769D6C0008EE3E6 /* NavigationPage.swift in Sources */,
				FBDF5225276338AB00366214 /* GrayButton.swift in Sources */,
				FB455B202763D63700AF3501 /* PickerFile.swift in Sources */,
				FB0616FE2741B6F000B72170 /* ContentView.swift in Sources */,
				FBC94661276C82F900231FC6 /* YelpAPI.swift in Sources */,
				FBDF522727633CB300366214 /* FilterText.swift in Sources */,
				FBFBDD402765D47F00F3C777 /* NeumorphismButton.swift in Sources */,
				FB0616FC2741B6F000B72170 /* firstappApp.swift in Sources */,
				FB4DBDD82761F40E003B7BE9 /* CardModifier.swift in Sources */,
				FB4DBDD22761EF69003B7BE9 /* ProductCard.swift in Sources */,
			);
			runOnlyForDeploymentPostprocessing = 0;
		};
		FB0616F52741B6F000B72170 /* Sources */ = {
			isa = PBXSourcesBuildPhase;
			buildActionMask = 2147483647;
			files = (
				FB4DBDE3276208AA003B7BE9 /* RedButton.swift in Sources */,
				FB4DBDDC276205A0003B7BE9 /* RandomChoices.swift in Sources */,
				FB0616FF2741B6F000B72170 /* ContentView.swift in Sources */,
				FB0616FD2741B6F000B72170 /* firstappApp.swift in Sources */,
				FB4DBDD92761F40E003B7BE9 /* CardModifier.swift in Sources */,
				FB4DBDD32761EF69003B7BE9 /* ProductCard.swift in Sources */,
			);
			runOnlyForDeploymentPostprocessing = 0;
		};
/* End PBXSourcesBuildPhase section */

/* Begin XCBuildConfiguration section */
		FB0617022741B6F000B72170 /* Debug */ = {
			isa = XCBuildConfiguration;
			buildSettings = {
				ALWAYS_SEARCH_USER_PATHS = NO;
				CLANG_ANALYZER_NONNULL = YES;
				CLANG_ANALYZER_NUMBER_OBJECT_CONVERSION = YES_AGGRESSIVE;
				CLANG_CXX_LANGUAGE_STANDARD = "gnu++17";
				CLANG_CXX_LIBRARY = "libc++";
				CLANG_ENABLE_MODULES = YES;
				CLANG_ENABLE_OBJC_ARC = YES;
				CLANG_ENABLE_OBJC_WEAK = YES;
				CLANG_WARN_BLOCK_CAPTURE_AUTORELEASING = YES;
				CLANG_WARN_BOOL_CONVERSION = YES;
				CLANG_WARN_COMMA = YES;
				CLANG_WARN_CONSTANT_CONVERSION = YES;
				CLANG_WARN_DEPRECATED_OBJC_IMPLEMENTATIONS = YES;
				CLANG_WARN_DIRECT_OBJC_ISA_USAGE = YES_ERROR;
				CLANG_WARN_DOCUMENTATION_COMMENTS = YES;
				CLANG_WARN_EMPTY_BODY = YES;
				CLANG_WARN_ENUM_CONVERSION = YES;
				CLANG_WARN_INFINITE_RECURSION = YES;
				CLANG_WARN_INT_CONVERSION = YES;
				CLANG_WARN_NON_LITERAL_NULL_CONVERSION = YES;
				CLANG_WARN_OBJC_IMPLICIT_RETAIN_SELF = YES;
				CLANG_WARN_OBJC_LITERAL_CONVERSION = YES;
				CLANG_WARN_OBJC_ROOT_CLASS = YES_ERROR;
				CLANG_WARN_QUOTED_INCLUDE_IN_FRAMEWORK_HEADER = YES;
				CLANG_WARN_RANGE_LOOP_ANALYSIS = YES;
				CLANG_WARN_STRICT_PROTOTYPES = YES;
				CLANG_WARN_SUSPICIOUS_MOVE = YES;
				CLANG_WARN_UNGUARDED_AVAILABILITY = YES_AGGRESSIVE;
				CLANG_WARN_UNREACHABLE_CODE = YES;
				CLANG_WARN__DUPLICATE_METHOD_MATCH = YES;
				COPY_PHASE_STRIP = NO;
				DEBUG_INFORMATION_FORMAT = dwarf;
				ENABLE_STRICT_OBJC_MSGSEND = YES;
				ENABLE_TESTABILITY = YES;
				GCC_C_LANGUAGE_STANDARD = gnu11;
				GCC_DYNAMIC_NO_PIC = NO;
				GCC_NO_COMMON_BLOCKS = YES;
				GCC_OPTIMIZATION_LEVEL = 0;
				GCC_PREPROCESSOR_DEFINITIONS = (
					"DEBUG=1",
					"$(inherited)",
				);
				GCC_WARN_64_TO_32_BIT_CONVERSION = YES;
				GCC_WARN_ABOUT_RETURN_TYPE = YES_ERROR;
				GCC_WARN_UNDECLARED_SELECTOR = YES;
				GCC_WARN_UNINITIALIZED_AUTOS = YES_AGGRESSIVE;
				GCC_WARN_UNUSED_FUNCTION = YES;
				GCC_WARN_UNUSED_VARIABLE = YES;
				MTL_ENABLE_DEBUG_INFO = INCLUDE_SOURCE;
				MTL_FAST_MATH = YES;
				ONLY_ACTIVE_ARCH = YES;
				SWIFT_ACTIVE_COMPILATION_CONDITIONS = DEBUG;
				SWIFT_OPTIMIZATION_LEVEL = "-Onone";
			};
			name = Debug;
		};
		FB0617032741B6F000B72170 /* Release */ = {
			isa = XCBuildConfiguration;
			buildSettings = {
				ALWAYS_SEARCH_USER_PATHS = NO;
				CLANG_ANALYZER_NONNULL = YES;
				CLANG_ANALYZER_NUMBER_OBJECT_CONVERSION = YES_AGGRESSIVE;
				CLANG_CXX_LANGUAGE_STANDARD = "gnu++17";
				CLANG_CXX_LIBRARY = "libc++";
				CLANG_ENABLE_MODULES = YES;
				CLANG_ENABLE_OBJC_ARC = YES;
				CLANG_ENABLE_OBJC_WEAK = YES;
				CLANG_WARN_BLOCK_CAPTURE_AUTORELEASING = YES;
				CLANG_WARN_BOOL_CONVERSION = YES;
				CLANG_WARN_COMMA = YES;
				CLANG_WARN_CONSTANT_CONVERSION = YES;
				CLANG_WARN_DEPRECATED_OBJC_IMPLEMENTATIONS = YES;
				CLANG_WARN_DIRECT_OBJC_ISA_USAGE = YES_ERROR;
				CLANG_WARN_DOCUMENTATION_COMMENTS = YES;
				CLANG_WARN_EMPTY_BODY = YES;
				CLANG_WARN_ENUM_CONVERSION = YES;
				CLANG_WARN_INFINITE_RECURSION = YES;
				CLANG_WARN_INT_CONVERSION = YES;
				CLANG_WARN_NON_LITERAL_NULL_CONVERSION = YES;
				CLANG_WARN_OBJC_IMPLICIT_RETAIN_SELF = YES;
				CLANG_WARN_OBJC_LITERAL_CONVERSION = YES;
				CLANG_WARN_OBJC_ROOT_CLASS = YES_ERROR;
				CLANG_WARN_QUOTED_INCLUDE_IN_FRAMEWORK_HEADER = YES;
				CLANG_WARN_RANGE_LOOP_ANALYSIS = YES;
				CLANG_WARN_STRICT_PROTOTYPES = YES;
				CLANG_WARN_SUSPICIOUS_MOVE = YES;
				CLANG_WARN_UNGUARDED_AVAILABILITY = YES_AGGRESSIVE;
				CLANG_WARN_UNREACHABLE_CODE = YES;
				CLANG_WARN__DUPLICATE_METHOD_MATCH = YES;
				COPY_PHASE_STRIP = NO;
				DEBUG_INFORMATION_FORMAT = "dwarf-with-dsym";
				ENABLE_NS_ASSERTIONS = NO;
				ENABLE_STRICT_OBJC_MSGSEND = YES;
				GCC_C_LANGUAGE_STANDARD = gnu11;
				GCC_NO_COMMON_BLOCKS = YES;
				GCC_WARN_64_TO_32_BIT_CONVERSION = YES;
				GCC_WARN_ABOUT_RETURN_TYPE = YES_ERROR;
				GCC_WARN_UNDECLARED_SELECTOR = YES;
				GCC_WARN_UNINITIALIZED_AUTOS = YES_AGGRESSIVE;
				GCC_WARN_UNUSED_FUNCTION = YES;
				GCC_WARN_UNUSED_VARIABLE = YES;
				MTL_ENABLE_DEBUG_INFO = NO;
				MTL_FAST_MATH = YES;
				SWIFT_COMPILATION_MODE = wholemodule;
				SWIFT_OPTIMIZATION_LEVEL = "-O";
			};
			name = Release;
		};
		FB0617052741B6F000B72170 /* Debug */ = {
			isa = XCBuildConfiguration;
			baseConfigurationReference = 350C08FDF3E516474B2A6961 /* Pods-firstapp (iOS).debug.xcconfig */;
			buildSettings = {
				ASSETCATALOG_COMPILER_APPICON_NAME = AppIcon;
				ASSETCATALOG_COMPILER_GLOBAL_ACCENT_COLOR_NAME = AccentColor;
				ASSETCATALOG_COMPILER_INCLUDE_ALL_APPICON_ASSETS = NO;
				CODE_SIGN_STYLE = Automatic;
				CURRENT_PROJECT_VERSION = 1;
				DEVELOPMENT_TEAM = LD578K3BS7;
				ENABLE_PREVIEWS = YES;
				GENERATE_INFOPLIST_FILE = YES;
				INFOPLIST_KEY_UIApplicationSceneManifest_Generation = YES;
				INFOPLIST_KEY_UIApplicationSupportsIndirectInputEvents = YES;
				INFOPLIST_KEY_UILaunchScreen_Generation = YES;
				INFOPLIST_KEY_UILaunchStoryboardName = "Launch Screen";
				INFOPLIST_KEY_UIMainStoryboardFile = "Launch Screen";
				INFOPLIST_KEY_UIStatusBarHidden = NO;
				INFOPLIST_KEY_UISupportedInterfaceOrientations = "UIInterfaceOrientationPortrait UIInterfaceOrientationLandscapeLeft";
				INFOPLIST_KEY_UISupportedInterfaceOrientations_iPad = "UIInterfaceOrientationPortrait UIInterfaceOrientationPortraitUpsideDown UIInterfaceOrientationLandscapeLeft UIInterfaceOrientationLandscapeRight";
				INFOPLIST_KEY_UISupportedInterfaceOrientations_iPhone = "UIInterfaceOrientationPortrait UIInterfaceOrientationLandscapeLeft UIInterfaceOrientationLandscapeRight";
				IPHONEOS_DEPLOYMENT_TARGET = 15.0;
				LD_RUNPATH_SEARCH_PATHS = (
					"$(inherited)",
					"@executable_path/Frameworks",
				);
				MARKETING_VERSION = 1.0;
				PRODUCT_BUNDLE_IDENTIFIER = ryofuj.firstapp;
				PRODUCT_NAME = firstapp;
				SDKROOT = iphoneos;
				SWIFT_EMIT_LOC_STRINGS = YES;
				SWIFT_VERSION = 5.0;
				TARGETED_DEVICE_FAMILY = "1,2";
			};
			name = Debug;
		};
		FB0617062741B6F000B72170 /* Release */ = {
			isa = XCBuildConfiguration;
			baseConfigurationReference = FD2EC682A2C1286F4A2BA48B /* Pods-firstapp (iOS).release.xcconfig */;
			buildSettings = {
				ASSETCATALOG_COMPILER_APPICON_NAME = AppIcon;
				ASSETCATALOG_COMPILER_GLOBAL_ACCENT_COLOR_NAME = AccentColor;
				ASSETCATALOG_COMPILER_INCLUDE_ALL_APPICON_ASSETS = NO;
				CODE_SIGN_STYLE = Automatic;
				CURRENT_PROJECT_VERSION = 1;
				DEVELOPMENT_TEAM = LD578K3BS7;
				ENABLE_PREVIEWS = YES;
				GENERATE_INFOPLIST_FILE = YES;
				INFOPLIST_KEY_UIApplicationSceneManifest_Generation = YES;
				INFOPLIST_KEY_UIApplicationSupportsIndirectInputEvents = YES;
				INFOPLIST_KEY_UILaunchScreen_Generation = YES;
				INFOPLIST_KEY_UILaunchStoryboardName = "Launch Screen";
				INFOPLIST_KEY_UIMainStoryboardFile = "Launch Screen";
				INFOPLIST_KEY_UIStatusBarHidden = NO;
				INFOPLIST_KEY_UISupportedInterfaceOrientations = "UIInterfaceOrientationPortrait UIInterfaceOrientationLandscapeLeft";
				INFOPLIST_KEY_UISupportedInterfaceOrientations_iPad = "UIInterfaceOrientationPortrait UIInterfaceOrientationPortraitUpsideDown UIInterfaceOrientationLandscapeLeft UIInterfaceOrientationLandscapeRight";
				INFOPLIST_KEY_UISupportedInterfaceOrientations_iPhone = "UIInterfaceOrientationPortrait UIInterfaceOrientationLandscapeLeft UIInterfaceOrientationLandscapeRight";
				IPHONEOS_DEPLOYMENT_TARGET = 15.0;
				LD_RUNPATH_SEARCH_PATHS = (
					"$(inherited)",
					"@executable_path/Frameworks",
				);
				MARKETING_VERSION = 1.0;
				PRODUCT_BUNDLE_IDENTIFIER = ryofuj.firstapp;
				PRODUCT_NAME = firstapp;
				SDKROOT = iphoneos;
				SWIFT_EMIT_LOC_STRINGS = YES;
				SWIFT_VERSION = 5.0;
				TARGETED_DEVICE_FAMILY = "1,2";
				VALIDATE_PRODUCT = YES;
			};
			name = Release;
		};
		FB0617082741B6F000B72170 /* Debug */ = {
			isa = XCBuildConfiguration;
			baseConfigurationReference = 07D222998F63BDAFD655D443 /* Pods-firstapp (macOS).debug.xcconfig */;
			buildSettings = {
				ASSETCATALOG_COMPILER_APPICON_NAME = AppIcon;
				ASSETCATALOG_COMPILER_GLOBAL_ACCENT_COLOR_NAME = AccentColor;
				CODE_SIGN_ENTITLEMENTS = macOS/macOS.entitlements;
				CODE_SIGN_STYLE = Automatic;
				COMBINE_HIDPI_IMAGES = YES;
				CURRENT_PROJECT_VERSION = 1;
				DEVELOPMENT_TEAM = LD578K3BS7;
				ENABLE_HARDENED_RUNTIME = YES;
				ENABLE_PREVIEWS = YES;
				GENERATE_INFOPLIST_FILE = YES;
				INFOPLIST_KEY_NSHumanReadableCopyright = "";
				LD_RUNPATH_SEARCH_PATHS = (
					"$(inherited)",
					"@executable_path/../Frameworks",
				);
				MACOSX_DEPLOYMENT_TARGET = 12.0;
				MARKETING_VERSION = 1.0;
				PRODUCT_BUNDLE_IDENTIFIER = ryofuj.firstapp;
				PRODUCT_NAME = firstapp;
				SDKROOT = macosx;
				SWIFT_EMIT_LOC_STRINGS = YES;
				SWIFT_VERSION = 5.0;
			};
			name = Debug;
		};
		FB0617092741B6F000B72170 /* Release */ = {
			isa = XCBuildConfiguration;
			baseConfigurationReference = D66E7B46B11C465B17176841 /* Pods-firstapp (macOS).release.xcconfig */;
			buildSettings = {
				ASSETCATALOG_COMPILER_APPICON_NAME = AppIcon;
				ASSETCATALOG_COMPILER_GLOBAL_ACCENT_COLOR_NAME = AccentColor;
				CODE_SIGN_ENTITLEMENTS = macOS/macOS.entitlements;
				CODE_SIGN_STYLE = Automatic;
				COMBINE_HIDPI_IMAGES = YES;
				CURRENT_PROJECT_VERSION = 1;
				DEVELOPMENT_TEAM = LD578K3BS7;
				ENABLE_HARDENED_RUNTIME = YES;
				ENABLE_PREVIEWS = YES;
				GENERATE_INFOPLIST_FILE = YES;
				INFOPLIST_KEY_NSHumanReadableCopyright = "";
				LD_RUNPATH_SEARCH_PATHS = (
					"$(inherited)",
					"@executable_path/../Frameworks",
				);
				MACOSX_DEPLOYMENT_TARGET = 12.0;
				MARKETING_VERSION = 1.0;
				PRODUCT_BUNDLE_IDENTIFIER = ryofuj.firstapp;
				PRODUCT_NAME = firstapp;
				SDKROOT = macosx;
				SWIFT_EMIT_LOC_STRINGS = YES;
				SWIFT_VERSION = 5.0;
			};
			name = Release;
		};
/* End XCBuildConfiguration section */

/* Begin XCConfigurationList section */
		FB0616EA2741B6EF00B72170 /* Build configuration list for PBXProject "firstapp" */ = {
			isa = XCConfigurationList;
			buildConfigurations = (
				FB0617022741B6F000B72170 /* Debug */,
				FB0617032741B6F000B72170 /* Release */,
			);
			defaultConfigurationIsVisible = 0;
			defaultConfigurationName = Release;
		};
		FB0617042741B6F000B72170 /* Build configuration list for PBXNativeTarget "firstapp (iOS)" */ = {
			isa = XCConfigurationList;
			buildConfigurations = (
				FB0617052741B6F000B72170 /* Debug */,
				FB0617062741B6F000B72170 /* Release */,
			);
			defaultConfigurationIsVisible = 0;
			defaultConfigurationName = Release;
		};
		FB0617072741B6F000B72170 /* Build configuration list for PBXNativeTarget "firstapp (macOS)" */ = {
			isa = XCConfigurationList;
			buildConfigurations = (
				FB0617082741B6F000B72170 /* Debug */,
				FB0617092741B6F000B72170 /* Release */,
			);
			defaultConfigurationIsVisible = 0;
			defaultConfigurationName = Release;
		};
/* End XCConfigurationList section */
	};
	rootObject = FB0616E72741B6EF00B72170 /* Project object */;
}
